
Microsoft Visual Studio Solution File, Format Version 12.00
# Visual Studio Version 17
VisualStudioVersion = 17.3.32825.248
MinimumVisualStudioVersion = 10.0.40219.1
Project("{FAE04EC0-301F-11D3-BF4B-00C04F79EFBC}") = "FitnessProject.CMD", "FitnessProject\FitnessProject.CMD.csproj", "{93349FED-50CB-4533-9372-1A5E66C88A7F}"
EndProject
Project("{FAE04EC0-301F-11D3-BF4B-00C04F79EFBC}") = "FitnessProject.BL", "FitnessProject.BL\FitnessProject.BL.csproj", "{3806A7E0-5395-4005-85C3-FE7739014613}"
EndProject
Global
	GlobalSection(SolutionConfigurationPlatforms) = preSolution
		Debug|Any CPU = Debug|Any CPU
		Release|Any CPU = Release|Any CPU
	EndGlobalSection
	GlobalSection(ProjectConfigurationPlatforms) = postSolution
		{93349FED-50CB-4533-9372-1A5E66C88A7F}.Debug|Any CPU.ActiveCfg = Debug|Any CPU
		{93349FED-50CB-4533-9372-1A5E66C88A7F}.Debug|Any CPU.Build.0 = Debug|Any CPU
		{93349FED-50CB-4533-9372-1A5E66C88A7F}.Release|Any CPU.ActiveCfg = Release|Any CPU
		{93349FED-50CB-4533-9372-1A5E66C88A7F}.Release|Any CPU.Build.0 = Release|Any CPU
		{3806A7E0-5395-4005-85C3-FE7739014613}.Debug|Any CPU.ActiveCfg = Debug|Any CPU
		{3806A7E0-5395-4005-85C3-FE7739014613}.Debug|Any CPU.Build.0 = Debug|Any CPU
		{3806A7E0-5395-4005-85C3-FE7739014613}.Release|Any CPU.ActiveCfg = Release|Any CPU
		{3806A7E0-5395-4005-85C3-FE7739014613}.Release|Any CPU.Build.0 = Release|Any CPU
	EndGlobalSection
	GlobalSection(SolutionProperties) = preSolution
		HideSolutionNode = FALSE
	EndGlobalSection
	GlobalSection(ExtensibilityGlobals) = postSolution
		SolutionGuid = {3E7EAE10-B20C-4316-A76A-BC9EF7EB78DC}
	EndGlobalSection
EndGlobal
